
Microsoft Visual Studio Solution File, Format Version 12.00
# Visual Studio Version 16
VisualStudioVersion = 16.0.30309.148
MinimumVisualStudioVersion = 10.0.40219.1
Project("{9A19103F-16F7-4668-BE54-9A1E7A4F7556}") = "Komair.Expressions.Serialization", "src\Komair.Expressions.Serialization\Komair.Expressions.Serialization.csproj", "{166C5320-E248-4488-927F-FD0581C23795}"
EndProject
Project("{FAE04EC0-301F-11D3-BF4B-00C04F79EFBC}") = "Komair.Expressions.Serialization.Json", "src\Komair.Expressions.Serialization.Json\Komair.Expressions.Serialization.Json.csproj", "{50A07A16-B316-465D-A708-C989A5AC3B94}"
EndProject
Global
	GlobalSection(SolutionConfigurationPlatforms) = preSolution
		Debug|Any CPU = Debug|Any CPU
		Release|Any CPU = Release|Any CPU
	EndGlobalSection
	GlobalSection(ProjectConfigurationPlatforms) = postSolution
		{166C5320-E248-4488-927F-FD0581C23795}.Debug|Any CPU.ActiveCfg = Debug|Any CPU
		{166C5320-E248-4488-927F-FD0581C23795}.Debug|Any CPU.Build.0 = Debug|Any CPU
		{166C5320-E248-4488-927F-FD0581C23795}.Release|Any CPU.ActiveCfg = Release|Any CPU
		{166C5320-E248-4488-927F-FD0581C23795}.Release|Any CPU.Build.0 = Release|Any CPU
		{50A07A16-B316-465D-A708-C989A5AC3B94}.Debug|Any CPU.ActiveCfg = Debug|Any CPU
		{50A07A16-B316-465D-A708-C989A5AC3B94}.Debug|Any CPU.Build.0 = Debug|Any CPU
		{50A07A16-B316-465D-A708-C989A5AC3B94}.Release|Any CPU.ActiveCfg = Release|Any CPU
		{50A07A16-B316-465D-A708-C989A5AC3B94}.Release|Any CPU.Build.0 = Release|Any CPU
	EndGlobalSection
	GlobalSection(SolutionProperties) = preSolution
		HideSolutionNode = FALSE
	EndGlobalSection
	GlobalSection(ExtensibilityGlobals) = postSolution
		SolutionGuid = {4CA3B66E-00DB-4A4B-8828-5CE8C22FBD6D}
	EndGlobalSection
EndGlobal
